lockfileVersion: '9.0'

settings:
  autoInstallPeers: true
  excludeLinksFromLockfile: false

importers:

  .:
    dependencies:
      vue:
        specifier: ^3.5.13
        version: 3.5.13
    devDependencies:
      '@vitejs/plugin-vue':
        specifier: ^5.2.1
        version: 5.2.1(vite@6.2.0)(vue@3.5.13)
      vite:
        specifier: ^6.0.5
        version: 6.2.0
      vite-plugin-monkey:
        specifier: ^5.0.3
        version: 5.0.8(vite@6.2.0)

packages:

  '@babel/helper-string-parser@7.25.9':
    resolution: {integrity: sha512-4A/SCr/2KLd5jrtOMFzaKjVtAei3+2r/NChoBNoZ3EyP/+GlhoaEGoWOZUmFmoITP7zOJyHIMm+DYRd8o3PvHA==}
    engines: {node: '>=6.9.0'}

  '@babel/helper-validator-identifier@7.25.9':
    resolution: {integrity: sha512-Ed61U6XJc3CVRfkERJWDz4dJwKe7iLmmJsbOGu9wSloNSFttHV0I8g6UAgb7qnK5ly5bGLPd4oXZlxCdANBOWQ==}
    engines: {node: '>=6.9.0'}

  '@babel/parser@7.26.9':
    resolution: {integrity: sha512-81NWa1njQblgZbQHxWHpxxCzNsa3ZwvFqpUg7P+NNUU6f3UU2jBEg4OlF/J6rl8+PQGh1q6/zWScd001YwcA5A==}
    engines: {node: '>=6.0.0'}
    hasBin: true

  '@babel/types@7.26.9':
    resolution: {integrity: sha512-Y3IR1cRnOxOCDvMmNiym7XpXQ93iGDDPHx+Zj+NM+rg0fBaShfQLkg+hKPaZCEvg5N/LeCo4+Rj/i3FuJsIQaw==}
    engines: {node: '>=6.9.0'}

  '@esbuild/aix-ppc64@0.25.0':
    resolution: {integrity: sha512-O7vun9Sf8DFjH2UtqK8Ku3LkquL9SZL8OLY1T5NZkA34+wG3OQF7cl4Ql8vdNzM6fzBbYfLaiRLIOZ+2FOCgBQ==}
    engines: {node: '>=18'}
    cpu: [ppc64]
    os: [aix]

  '@esbuild/android-arm64@0.25.0':
    resolution: {integrity: sha512-grvv8WncGjDSyUBjN9yHXNt+cq0snxXbDxy5pJtzMKGmmpPxeAmAhWxXI+01lU5rwZomDgD3kJwulEnhTRUd6g==}
    engines: {node: '>=18'}
    cpu: [arm64]
    os: [android]

  '@esbuild/android-arm@0.25.0':
    resolution: {integrity: sha512-PTyWCYYiU0+1eJKmw21lWtC+d08JDZPQ5g+kFyxP0V+es6VPPSUhM6zk8iImp2jbV6GwjX4pap0JFbUQN65X1g==}
    engines: {node: '>=18'}
    cpu: [arm]
    os: [android]

  '@esbuild/android-x64@0.25.0':
    resolution: {integrity: sha512-m/ix7SfKG5buCnxasr52+LI78SQ+wgdENi9CqyCXwjVR2X4Jkz+BpC3le3AoBPYTC9NHklwngVXvbJ9/Akhrfg==}
    engines: {node: '>=18'}
    cpu: [x64]
    os: [android]

  '@esbuild/darwin-arm64@0.25.0':
    resolution: {integrity: sha512-mVwdUb5SRkPayVadIOI78K7aAnPamoeFR2bT5nszFUZ9P8UpK4ratOdYbZZXYSqPKMHfS1wdHCJk1P1EZpRdvw==}
    engines: {node: '>=18'}
    cpu: [arm64]
    os: [darwin]

  '@esbuild/darwin-x64@0.25.0':
    resolution: {integrity: sha512-DgDaYsPWFTS4S3nWpFcMn/33ZZwAAeAFKNHNa1QN0rI4pUjgqf0f7ONmXf6d22tqTY+H9FNdgeaAa+YIFUn2Rg==}
    engines: {node: '>=18'}
    cpu: [x64]
    os: [darwin]

  '@esbuild/freebsd-arm64@0.25.0':
    resolution: {integrity: sha512-VN4ocxy6dxefN1MepBx/iD1dH5K8qNtNe227I0mnTRjry8tj5MRk4zprLEdG8WPyAPb93/e4pSgi1SoHdgOa4w==}
    engines: {node: '>=18'}
    cpu: [arm64]
    os: [freebsd]

  '@esbuild/freebsd-x64@0.25.0':
    resolution: {integrity: sha512-mrSgt7lCh07FY+hDD1TxiTyIHyttn6vnjesnPoVDNmDfOmggTLXRv8Id5fNZey1gl/V2dyVK1VXXqVsQIiAk+A==}
    engines: {node: '>=18'}
    cpu: [x64]
    os: [freebsd]

  '@esbuild/linux-arm64@0.25.0':
    resolution: {integrity: sha512-9QAQjTWNDM/Vk2bgBl17yWuZxZNQIF0OUUuPZRKoDtqF2k4EtYbpyiG5/Dk7nqeK6kIJWPYldkOcBqjXjrUlmg==}
    engines: {node: '>=18'}
    cpu: [arm64]
    os: [linux]

  '@esbuild/linux-arm@0.25.0':
    resolution: {integrity: sha512-vkB3IYj2IDo3g9xX7HqhPYxVkNQe8qTK55fraQyTzTX/fxaDtXiEnavv9geOsonh2Fd2RMB+i5cbhu2zMNWJwg==}
    engines: {node: '>=18'}
    cpu: [arm]
    os: [linux]

  '@esbuild/linux-ia32@0.25.0':
    resolution: {integrity: sha512-43ET5bHbphBegyeqLb7I1eYn2P/JYGNmzzdidq/w0T8E2SsYL1U6un2NFROFRg1JZLTzdCoRomg8Rvf9M6W6Gg==}
    engines: {node: '>=18'}
    cpu: [ia32]
    os: [linux]

  '@esbuild/linux-loong64@0.25.0':
    resolution: {integrity: sha512-fC95c/xyNFueMhClxJmeRIj2yrSMdDfmqJnyOY4ZqsALkDrrKJfIg5NTMSzVBr5YW1jf+l7/cndBfP3MSDpoHw==}
    engines: {node: '>=18'}
    cpu: [loong64]
    os: [linux]

  '@esbuild/linux-mips64el@0.25.0':
    resolution: {integrity: sha512-nkAMFju7KDW73T1DdH7glcyIptm95a7Le8irTQNO/qtkoyypZAnjchQgooFUDQhNAy4iu08N79W4T4pMBwhPwQ==}
    engines: {node: '>=18'}
    cpu: [mips64el]
    os: [linux]

  '@esbuild/linux-ppc64@0.25.0':
    resolution: {integrity: sha512-NhyOejdhRGS8Iwv+KKR2zTq2PpysF9XqY+Zk77vQHqNbo/PwZCzB5/h7VGuREZm1fixhs4Q/qWRSi5zmAiO4Fw==}
    engines: {node: '>=18'}
    cpu: [ppc64]
    os: [linux]

  '@esbuild/linux-riscv64@0.25.0':
    resolution: {integrity: sha512-5S/rbP5OY+GHLC5qXp1y/Mx//e92L1YDqkiBbO9TQOvuFXM+iDqUNG5XopAnXoRH3FjIUDkeGcY1cgNvnXp/kA==}
    engines: {node: '>=18'}
    cpu: [riscv64]
    os: [linux]

  '@esbuild/linux-s390x@0.25.0':
    resolution: {integrity: sha512-XM2BFsEBz0Fw37V0zU4CXfcfuACMrppsMFKdYY2WuTS3yi8O1nFOhil/xhKTmE1nPmVyvQJjJivgDT+xh8pXJA==}
    engines: {node: '>=18'}
    cpu: [s390x]
    os: [linux]

  '@esbuild/linux-x64@0.25.0':
    resolution: {integrity: sha512-9yl91rHw/cpwMCNytUDxwj2XjFpxML0y9HAOH9pNVQDpQrBxHy01Dx+vaMu0N1CKa/RzBD2hB4u//nfc+Sd3Cw==}
    engines: {node: '>=18'}
    cpu: [x64]
    os: [linux]

  '@esbuild/netbsd-arm64@0.25.0':
    resolution: {integrity: sha512-RuG4PSMPFfrkH6UwCAqBzauBWTygTvb1nxWasEJooGSJ/NwRw7b2HOwyRTQIU97Hq37l3npXoZGYMy3b3xYvPw==}
    engines: {node: '>=18'}
    cpu: [arm64]
    os: [netbsd]

  '@esbuild/netbsd-x64@0.25.0':
    resolution: {integrity: sha512-jl+qisSB5jk01N5f7sPCsBENCOlPiS/xptD5yxOx2oqQfyourJwIKLRA2yqWdifj3owQZCL2sn6o08dBzZGQzA==}
    engines: {node: '>=18'}
    cpu: [x64]
    os: [netbsd]

  '@esbuild/openbsd-arm64@0.25.0':
    resolution: {integrity: sha512-21sUNbq2r84YE+SJDfaQRvdgznTD8Xc0oc3p3iW/a1EVWeNj/SdUCbm5U0itZPQYRuRTW20fPMWMpcrciH2EJw==}
    engines: {node: '>=18'}
    cpu: [arm64]
    os: [openbsd]

  '@esbuild/openbsd-x64@0.25.0':
    resolution: {integrity: sha512-2gwwriSMPcCFRlPlKx3zLQhfN/2WjJ2NSlg5TKLQOJdV0mSxIcYNTMhk3H3ulL/cak+Xj0lY1Ym9ysDV1igceg==}
    engines: {node: '>=18'}
    cpu: [x64]
    os: [openbsd]

  '@esbuild/sunos-x64@0.25.0':
    resolution: {integrity: sha512-bxI7ThgLzPrPz484/S9jLlvUAHYMzy6I0XiU1ZMeAEOBcS0VePBFxh1JjTQt3Xiat5b6Oh4x7UC7IwKQKIJRIg==}
    engines: {node: '>=18'}
    cpu: [x64]
    os: [sunos]

  '@esbuild/win32-arm64@0.25.0':
    resolution: {integrity: sha512-ZUAc2YK6JW89xTbXvftxdnYy3m4iHIkDtK3CLce8wg8M2L+YZhIvO1DKpxrd0Yr59AeNNkTiic9YLf6FTtXWMw==}
    engines: {node: '>=18'}
    cpu: [arm64]
    os: [win32]

  '@esbuild/win32-ia32@0.25.0':
    resolution: {integrity: sha512-eSNxISBu8XweVEWG31/JzjkIGbGIJN/TrRoiSVZwZ6pkC6VX4Im/WV2cz559/TXLcYbcrDN8JtKgd9DJVIo8GA==}
    engines: {node: '>=18'}
    cpu: [ia32]
    os: [win32]

  '@esbuild/win32-x64@0.25.0':
    resolution: {integrity: sha512-ZENoHJBxA20C2zFzh6AI4fT6RraMzjYw4xKWemRTRmRVtN9c5DcH9r/f2ihEkMjOW5eGgrwCslG/+Y/3bL+DHQ==}
    engines: {node: '>=18'}
    cpu: [x64]
    os: [win32]

  '@jridgewell/sourcemap-codec@1.5.0':
    resolution: {integrity: sha512-gv3ZRaISU3fjPAgNsriBRqGWQL6quFx04YMPW/zD8XMLsU32mhCCbfbO6KZFLjvYpCZ8zyDEgqsgf+PwPaM7GQ==}

  '@rollup/rollup-android-arm-eabi@4.34.9':
    resolution: {integrity: sha512-qZdlImWXur0CFakn2BJ2znJOdqYZKiedEPEVNTBrpfPjc/YuTGcaYZcdmNFTkUj3DU0ZM/AElcM8Ybww3xVLzA==}
    cpu: [arm]
    os: [android]

  '@rollup/rollup-android-arm64@4.34.9':
    resolution: {integrity: sha512-4KW7P53h6HtJf5Y608T1ISKvNIYLWRKMvfnG0c44M6In4DQVU58HZFEVhWINDZKp7FZps98G3gxwC1sb0wXUUg==}
    cpu: [arm64]
    os: [android]

  '@rollup/rollup-darwin-arm64@4.34.9':
    resolution: {integrity: sha512-0CY3/K54slrzLDjOA7TOjN1NuLKERBgk9nY5V34mhmuu673YNb+7ghaDUs6N0ujXR7fz5XaS5Aa6d2TNxZd0OQ==}
    cpu: [arm64]
    os: [darwin]

  '@rollup/rollup-darwin-x64@4.34.9':
    resolution: {integrity: sha512-eOojSEAi/acnsJVYRxnMkPFqcxSMFfrw7r2iD9Q32SGkb/Q9FpUY1UlAu1DH9T7j++gZ0lHjnm4OyH2vCI7l7Q==}
    cpu: [x64]
    os: [darwin]

  '@rollup/rollup-freebsd-arm64@4.34.9':
    resolution: {integrity: sha512-2lzjQPJbN5UnHm7bHIUKFMulGTQwdvOkouJDpPysJS+QFBGDJqcfh+CxxtG23Ik/9tEvnebQiylYoazFMAgrYw==}
    cpu: [arm64]
    os: [freebsd]

  '@rollup/rollup-freebsd-x64@4.34.9':
    resolution: {integrity: sha512-SLl0hi2Ah2H7xQYd6Qaiu01kFPzQ+hqvdYSoOtHYg/zCIFs6t8sV95kaoqjzjFwuYQLtOI0RZre/Ke0nPaQV+g==}
    cpu: [x64]
    os: [freebsd]

  '@rollup/rollup-linux-arm-gnueabihf@4.34.9':
    resolution: {integrity: sha512-88I+D3TeKItrw+Y/2ud4Tw0+3CxQ2kLgu3QvrogZ0OfkmX/DEppehus7L3TS2Q4lpB+hYyxhkQiYPJ6Mf5/dPg==}
    cpu: [arm]
    os: [linux]
    libc: [glibc]

  '@rollup/rollup-linux-arm-musleabihf@4.34.9':
    resolution: {integrity: sha512-3qyfWljSFHi9zH0KgtEPG4cBXHDFhwD8kwg6xLfHQ0IWuH9crp005GfoUUh/6w9/FWGBwEHg3lxK1iHRN1MFlA==}
    cpu: [arm]
    os: [linux]
    libc: [musl]

  '@rollup/rollup-linux-arm64-gnu@4.34.9':
    resolution: {integrity: sha512-6TZjPHjKZUQKmVKMUowF3ewHxctrRR09eYyvT5eFv8w/fXarEra83A2mHTVJLA5xU91aCNOUnM+DWFMSbQ0Nxw==}
    cpu: [arm64]
    os: [linux]
    libc: [glibc]

  '@rollup/rollup-linux-arm64-musl@4.34.9':
    resolution: {integrity: sha512-LD2fytxZJZ6xzOKnMbIpgzFOuIKlxVOpiMAXawsAZ2mHBPEYOnLRK5TTEsID6z4eM23DuO88X0Tq1mErHMVq0A==}
    cpu: [arm64]
    os: [linux]
    libc: [musl]

  '@rollup/rollup-linux-loongarch64-gnu@4.34.9':
    resolution: {integrity: sha512-dRAgTfDsn0TE0HI6cmo13hemKpVHOEyeciGtvlBTkpx/F65kTvShtY/EVyZEIfxFkV5JJTuQ9tP5HGBS0hfxIg==}
    cpu: [loong64]
    os: [linux]
    libc: [glibc]

  '@rollup/rollup-linux-powerpc64le-gnu@4.34.9':
    resolution: {integrity: sha512-PHcNOAEhkoMSQtMf+rJofwisZqaU8iQ8EaSps58f5HYll9EAY5BSErCZ8qBDMVbq88h4UxaNPlbrKqfWP8RfJA==}
    cpu: [ppc64]
    os: [linux]
    libc: [glibc]

  '@rollup/rollup-linux-riscv64-gnu@4.34.9':
    resolution: {integrity: sha512-Z2i0Uy5G96KBYKjeQFKbbsB54xFOL5/y1P5wNBsbXB8yE+At3oh0DVMjQVzCJRJSfReiB2tX8T6HUFZ2k8iaKg==}
    cpu: [riscv64]
    os: [linux]
    libc: [glibc]

  '@rollup/rollup-linux-s390x-gnu@4.34.9':
    resolution: {integrity: sha512-U+5SwTMoeYXoDzJX5dhDTxRltSrIax8KWwfaaYcynuJw8mT33W7oOgz0a+AaXtGuvhzTr2tVKh5UO8GVANTxyQ==}
    cpu: [s390x]
    os: [linux]
    libc: [glibc]

  '@rollup/rollup-linux-x64-gnu@4.34.9':
    resolution: {integrity: sha512-FwBHNSOjUTQLP4MG7y6rR6qbGw4MFeQnIBrMe161QGaQoBQLqSUEKlHIiVgF3g/mb3lxlxzJOpIBhaP+C+KP2A==}
    cpu: [x64]
    os: [linux]
    libc: [glibc]

  '@rollup/rollup-linux-x64-musl@4.34.9':
    resolution: {integrity: sha512-cYRpV4650z2I3/s6+5/LONkjIz8MBeqrk+vPXV10ORBnshpn8S32bPqQ2Utv39jCiDcO2eJTuSlPXpnvmaIgRA==}
    cpu: [x64]
    os: [linux]
    libc: [musl]

  '@rollup/rollup-win32-arm64-msvc@4.34.9':
    resolution: {integrity: sha512-z4mQK9dAN6byRA/vsSgQiPeuO63wdiDxZ9yg9iyX2QTzKuQM7T4xlBoeUP/J8uiFkqxkcWndWi+W7bXdPbt27Q==}
    cpu: [arm64]
    os: [win32]

  '@rollup/rollup-win32-ia32-msvc@4.34.9':
    resolution: {integrity: sha512-KB48mPtaoHy1AwDNkAJfHXvHp24H0ryZog28spEs0V48l3H1fr4i37tiyHsgKZJnCmvxsbATdZGBpbmxTE3a9w==}
    cpu: [ia32]
    os: [win32]

  '@rollup/rollup-win32-x64-msvc@4.34.9':
    resolution: {integrity: sha512-AyleYRPU7+rgkMWbEh71fQlrzRfeP6SyMnRf9XX4fCdDPAJumdSBqYEcWPMzVQ4ScAl7E4oFfK0GUVn77xSwbw==}
    cpu: [x64]
    os: [win32]

  '@types/estree@1.0.6':
    resolution: {integrity: sha512-AYnb1nQyY49te+VRAVgmzfcgjYS91mY5P0TKUDCLEM+gNnA+3T6rWITXRLYCpahpqSQbN5cE+gHpnPyXjHWxcw==}

  '@vitejs/plugin-vue@5.2.1':
    resolution: {integrity: sha512-cxh314tzaWwOLqVes2gnnCtvBDcM1UMdn+iFR+UjAn411dPT3tOmqrJjbMd7koZpMAmBM/GqeV4n9ge7JSiJJQ==}
    engines: {node: ^18.0.0 || >=20.0.0}
    peerDependencies:
      vite: ^5.0.0 || ^6.0.0
      vue: ^3.2.25

  '@vue/compiler-core@3.5.13':
    resolution: {integrity: sha512-oOdAkwqUfW1WqpwSYJce06wvt6HljgY3fGeM9NcVA1HaYOij3mZG9Rkysn0OHuyUAGMbEbARIpsG+LPVlBJ5/Q==}

  '@vue/compiler-dom@3.5.13':
    resolution: {integrity: sha512-ZOJ46sMOKUjO3e94wPdCzQ6P1Lx/vhp2RSvfaab88Ajexs0AHeV0uasYhi99WPaogmBlRHNRuly8xV75cNTMDA==}

  '@vue/compiler-sfc@3.5.13':
    resolution: {integrity: sha512-6VdaljMpD82w6c2749Zhf5T9u5uLBWKnVue6XWxprDobftnletJ8+oel7sexFfM3qIxNmVE7LSFGTpv6obNyaQ==}

  '@vue/compiler-ssr@3.5.13':
    resolution: {integrity: sha512-wMH6vrYHxQl/IybKJagqbquvxpWCuVYpoUJfCqFZwa/JY1GdATAQ+TgVtgrwwMZ0D07QhA99rs/EAAWfvG6KpA==}

  '@vue/reactivity@3.5.13':
    resolution: {integrity: sha512-NaCwtw8o48B9I6L1zl2p41OHo/2Z4wqYGGIK1Khu5T7yxrn+ATOixn/Udn2m+6kZKB/J7cuT9DbWWhRxqixACg==}

  '@vue/runtime-core@3.5.13':
    resolution: {integrity: sha512-Fj4YRQ3Az0WTZw1sFe+QDb0aXCerigEpw418pw1HBUKFtnQHWzwojaukAs2X/c9DQz4MQ4bsXTGlcpGxU/RCIw==}

  '@vue/runtime-dom@3.5.13':
    resolution: {integrity: sha512-dLaj94s93NYLqjLiyFzVs9X6dWhTdAlEAciC3Moq7gzAc13VJUdCnjjRurNM6uTLFATRHexHCTu/Xp3eW6yoog==}

  '@vue/server-renderer@3.5.13':
    resolution: {integrity: sha512-wAi4IRJV/2SAW3htkTlB+dHeRmpTiVIK1OGLWV1yeStVSebSQQOwGwIq0D3ZIoBj2C2qpgz5+vX9iEBkTdk5YA==}
    peerDependencies:
      vue: 3.5.13

  '@vue/shared@3.5.13':
    resolution: {integrity: sha512-/hnE/qP5ZoGpol0a5mDi45bOd7t3tjYJBjsgCsivow7D48cJeV5l05RD82lPqi7gRiphZM37rnhW1l6ZoCNNnQ==}

  acorn-walk@8.3.4:
    resolution: {integrity: sha512-ueEepnujpqee2o5aIYnvHU6C0A42MNdsIDeqy5BydrkuC5R1ZuUFnm27EeFJGoEHJQgn3uleRvmTXaJgfXbt4g==}
    engines: {node: '>=0.4.0'}

  acorn@8.14.1:
    resolution: {integrity: sha512-OvQ/2pUDKmgfCg++xsTX1wGxfTaszcHVcTctW4UJB4hibJx2HXxxO5UmVgyjMa+ZDsiaf5wWLXYpRWMmBI0QHg==}
    engines: {node: '>=0.4.0'}
    hasBin: true

  bundle-name@4.1.0:
    resolution: {integrity: sha512-tjwM5exMg6BGRI+kNmTntNsvdZS1X8BFYS6tnJ2hdH0kVxM6/eVZ2xy+FqStSWvYmtfFMDLIxurorHwDKfDz5Q==}
    engines: {node: '>=18'}

  cross-spawn@7.0.6:
    resolution: {integrity: sha512-uV2QOWP2nWzsy2aMp8aRibhi9dlzF5Hgh5SHaB9OiTGEyDTiJJyx0uy51QXdyWbtAHNua4XJzUKca3OzKUd3vA==}
    engines: {node: '>= 8'}

  csstype@3.1.3:
    resolution: {integrity: sha512-M1uQkMl8rQK/szD0LNhtqxIPLpimGm8sOBwU7lLnCpSbTyY3yeU1Vc7l4KT5zT4s/yOxHH5O7tIuuLOCnLADRw==}

  default-browser-id@5.0.0:
    resolution: {integrity: sha512-A6p/pu/6fyBcA1TRz/GqWYPViplrftcW2gZC9q79ngNCKAeR/X3gcEdXQHl4KNXV+3wgIJ1CPkJQ3IHM6lcsyA==}
    engines: {node: '>=18'}

  default-browser@5.2.1:
    resolution: {integrity: sha512-WY/3TUME0x3KPYdRRxEJJvXRHV4PyPoUsxtZa78lwItwRQRHhd2U9xOscaT/YTf8uCXIAjeJOFBVEh/7FtD8Xg==}
    engines: {node: '>=18'}

  define-lazy-prop@3.0.0:
    resolution: {integrity: sha512-N+MeXYoqr3pOgn8xfyRPREN7gHakLYjhsHhWGT3fWAiL4IkAt0iDw14QiiEm2bE30c5XX5q0FtAA3CK5f9/BUg==}
    engines: {node: '>=12'}

  dom-serializer@2.0.0:
    resolution: {integrity: sha512-wIkAryiqt/nV5EQKqQpo3SToSOV9J0DnbJqwK7Wv/Trc92zIAYZ4FlMu+JPFW1DfGFt81ZTCGgDEabffXeLyJg==}

  domelementtype@2.3.0:
    resolution: {integrity: sha512-OLETBj6w0OsagBwdXnPdN0cnMfF9opN69co+7ZrbfPGrdpPVNBUj02spi6B1N7wChLQiPn4CSH/zJvXw56gmHw==}

  domhandler@5.0.3:
    resolution: {integrity: sha512-cgwlv/1iFQiFnU96XXgROh8xTeetsnJiDsTc7TYCLFd9+/WNkIqPTxiM/8pSd8VIrhXGTf1Ny1q1hquVqDJB5w==}
    engines: {node: '>= 4'}

  domutils@3.2.2:
    resolution: {integrity: sha512-6kZKyUajlDuqlHKVX1w7gyslj9MPIXzIFiz/rGu35uC1wMi+kMhQwGhl4lt9unC9Vb9INnY9Z3/ZA3+FhASLaw==}

  entities@4.5.0:
    resolution: {integrity: sha512-V0hjH4dGPh9Ao5p0MoRY6BVqtwCjhz6vI5LT8AJ55H+4g9/4vbHx1I54fS0XuclLhDHArPQCiMjDxjaL8fPxhw==}
    engines: {node: '>=0.12'}

  esbuild@0.25.0:
    resolution: {integrity: sha512-BXq5mqc8ltbaN34cDqWuYKyNhX8D/Z0J1xdtdQ8UcIIIyJyz+ZMKUt58tF3SrZ85jcfN/PZYhjR5uDQAYNVbuw==}
    engines: {node: '>=18'}
    hasBin: true

  estree-walker@2.0.2:
    resolution: {integrity: sha512-Rfkk/Mp/DL7JVje3u18FxFujQlTNR2q6QfMSMB7AvCBx91NGj/ba3kCfza0f6dVDbw7YlRf/nDrn7pQrCCyQ/w==}

  fsevents@2.3.3:
    resolution: {integrity: sha512-5xoDfX+fL7faATnagmWPpbFtwh/R77WmMMqqHGS65C3vvB0YHrgF+B1YmZ3441tMj5n63k0212XNoJwzlhffQw==}
    engines: {node: ^8.16.0 || ^10.6.0 || >=11.0.0}
    os: [darwin]

  htmlparser2@9.1.0:
    resolution: {integrity: sha512-5zfg6mHUoaer/97TxnGpxmbR7zJtPwIYFMZ/H5ucTlPZhKvtum05yiPK3Mgai3a0DyVxv7qYqoweaEd2nrYQzQ==}

  import-meta-resolve@4.1.0:
    resolution: {integrity: sha512-I6fiaX09Xivtk+THaMfAwnA3MVA5Big1WHF1Dfx9hFuvNIWpXnorlkzhcQf6ehrqQiiZECRt1poOAkPmer3ruw==}

  is-docker@3.0.0:
    resolution: {integrity: sha512-eljcgEDlEns/7AXFosB5K/2nCM4P7FQPkGc/DWLy5rmFEWvZayGrik1d9/QIY5nJ4f9YsVvBkA6kJpHn9rISdQ==}
    engines: {node: ^12.20.0 || ^14.13.1 || >=16.0.0}
    hasBin: true

  is-inside-container@1.0.0:
    resolution: {integrity: sha512-KIYLCCJghfHZxqjYBE7rEy0OBuTd5xCHS7tHVgvCLkx7StIoaxwNW3hCALgEUjFfeRk+MG/Qxmp/vtETEF3tRA==}
    engines: {node: '>=14.16'}
    hasBin: true

  is-wsl@3.1.0:
    resolution: {integrity: sha512-UcVfVfaK4Sc4m7X3dUSoHoozQGBEFeDC+zVo06t98xe8CzHSZZBekNXH+tu0NalHolcJ/QAGqS46Hef7QXBIMw==}
    engines: {node: '>=16'}

  isexe@2.0.0:
    resolution: {integrity: sha512-RHxMLp9lnKHGHRng9QFhRCMbYAcVpn69smSGcq3f36xjgVVWThj4qqLbTLlq7Ssj8B+fIQ1EuCEGI2lKsyQeIw==}

  magic-string@0.30.17:
    resolution: {integrity: sha512-sNPKHvyjVf7gyjwS4xGTaW/mCnF8wnjtifKBEhxfZ7E/S8tQ0rssrwGNn6q8JH/ohItJfSQp9mBtQYuTlH5QnA==}

  mrmime@2.0.1:
    resolution: {integrity: sha512-Y3wQdFg2Va6etvQ5I82yUhGdsKrcYox6p7FfL1LbK2J4V01F9TGlepTIhnK24t7koZibmg82KGglhA1XK5IsLQ==}
    engines: {node: '>=10'}

  nanoid@3.3.8:
    resolution: {integrity: sha512-WNLf5Sd8oZxOm+TzppcYk8gVOgP+l58xNy58D0nbUnOxOWRWvlcCV4kUF7ltmI6PsrLl/BgKEyS4mqsGChFN0w==}
    engines: {node: ^10 || ^12 || ^13.7 || ^14 || >=15.0.1}
    hasBin: true

  open@10.1.0:
    resolution: {integrity: sha512-mnkeQ1qP5Ue2wd+aivTD3NHd/lZ96Lu0jgf0pwktLPtx6cTZiH7tyeGRRHs0zX0rbrahXPnXlUnbeXyaBBuIaw==}
    engines: {node: '>=18'}

  path-key@3.1.1:
    resolution: {integrity: sha512-ojmeN0qd+y0jszEtoY48r0Peq5dwMEkIlCOu6Q5f41lfkswXuKtYrhgoTpLnyIcHm24Uhqx+5Tqm2InSwLhE6Q==}
    engines: {node: '>=8'}

  picocolors@1.1.1:
    resolution: {integrity: sha512-xceH2snhtb5M9liqDsmEw56le376mTZkEX/jEb/RxNFyegNul7eNslCXP9FDj/Lcu0X8KEyMceP2ntpaHrDEVA==}

  postcss@8.5.3:
    resolution: {integrity: sha512-dle9A3yYxlBSrt8Fu+IpjGT8SY8hN0mlaA6GY8t0P5PjIOZemULz/E2Bnm/2dcUOena75OTNkHI76uZBNUUq3A==}
    engines: {node: ^10 || ^12 || >=14}

  rollup@4.34.9:
    resolution: {integrity: sha512-nF5XYqWWp9hx/LrpC8sZvvvmq0TeTjQgaZHYmAgwysT9nh8sWnZhBnM8ZyVbbJFIQBLwHDNoMqsBZBbUo4U8sQ==}
    engines: {node: '>=18.0.0', npm: '>=8.0.0'}
    hasBin: true

  run-applescript@7.0.0:
    resolution: {integrity: sha512-9by4Ij99JUr/MCFBUkDKLWK3G9HVXmabKz9U5MlIAIuvuzkiOicRYs8XJLxX+xahD+mLiiCYDqF9dKAgtzKP1A==}
    engines: {node: '>=18'}

  shebang-command@2.0.0:
    resolution: {integrity: sha512-kHxr2zZpYtdmrN1qDjrrX/Z1rR1kG8Dx+gkpK1G4eXmvXswmcE1hTWBWYUzlraYw1/yZp6YuDY77YtvbN0dmDA==}
    engines: {node: '>=8'}

  shebang-regex@3.0.0:
    resolution: {integrity: sha512-7++dFhtcx3353uBaq8DDR4NuxBetBzC7ZQOhmTQInHEd6bSrXdiEyzCvG07Z44UYdLShWUyXt5M/yhz8ekcb1A==}
    engines: {node: '>=8'}

  source-map-js@1.2.1:
    resolution: {integrity: sha512-UXWMKhLOwVKb728IUtQPXxfYU+usdybtUrK/8uGE8CQMvrhOpwvzDBwj0QhSL7MQc7vIsISBG8VQ8+IDQxpfQA==}
    engines: {node: '>=0.10.0'}

  systemjs@6.15.1:
    resolution: {integrity: sha512-Nk8c4lXvMB98MtbmjX7JwJRgJOL8fluecYCfCeYBznwmpOs8Bf15hLM6z4z71EDAhQVrQrI+wt1aLWSXZq+hXA==}

  vite-plugin-monkey@5.0.8:
    resolution: {integrity: sha512-rkXl7A4y7m1Py/p1cqfCdvvy1Qy5ZwzGMsITH5L1XWzjtu9DXqrVKzo8kGbZCohtha2K19ToAgD1n2e6SPrtig==}
    peerDependencies:
      vite: ^5.4.11 || ^6.0.0
    peerDependenciesMeta:
      vite:
        optional: true

  vite@6.2.0:
    resolution: {integrity: sha512-7dPxoo+WsT/64rDcwoOjk76XHj+TqNTIvHKcuMQ1k4/SeHDaQt5GFAeLYzrimZrMpn/O6DtdI03WUjdxuPM0oQ==}
    engines: {node: ^18.0.0 || ^20.0.0 || >=22.0.0}
    hasBin: true
    peerDependencies:
      '@types/node': ^18.0.0 || ^20.0.0 || >=22.0.0
      jiti: '>=1.21.0'
      less: '*'
      lightningcss: ^1.21.0
      sass: '*'
      sass-embedded: '*'
      stylus: '*'
      sugarss: '*'
      terser: ^5.16.0
      tsx: ^4.8.1
      yaml: ^2.4.2
    peerDependenciesMeta:
      '@types/node':
        optional: true
      jiti:
        optional: true
      less:
        optional: true
      lightningcss:
        optional: true
      sass:
        optional: true
      sass-embedded:
        optional: true
      stylus:
        optional: true
      sugarss:
        optional: true
      terser:
        optional: true
      tsx:
        optional: true
      yaml:
        optional: true

  vue@3.5.13:
    resolution: {integrity: sha512-wmeiSMxkZCSc+PM2w2VRsOYAZC8GdipNFRTsLSfodVqI9mbejKeXEGr8SckuLnrQPGe3oJN5c3K0vpoU9q/wCQ==}
    peerDependencies:
      typescript: '*'
    peerDependenciesMeta:
      typescript:
        optional: true

  which@2.0.2:
    resolution: {integrity: sha512-BLI3Tl1TW3Pvl70l3yq3Y64i+awpwXqsGBYWkkqMtnbXgrMD+yj7rhW0kuEDxzJaYXGjEW5ogapKNMEKNMjibA==}
    engines: {node: '>= 8'}
    hasBin: true

snapshots:

  '@babel/helper-string-parser@7.25.9': {}

  '@babel/helper-validator-identifier@7.25.9': {}

  '@babel/parser@7.26.9':
    dependencies:
      '@babel/types': 7.26.9

  '@babel/types@7.26.9':
    dependencies:
      '@babel/helper-string-parser': 7.25.9
      '@babel/helper-validator-identifier': 7.25.9

  '@esbuild/aix-ppc64@0.25.0':
    optional: true

  '@esbuild/android-arm64@0.25.0':
    optional: true

  '@esbuild/android-arm@0.25.0':
    optional: true

  '@esbuild/android-x64@0.25.0':
    optional: true

  '@esbuild/darwin-arm64@0.25.0':
    optional: true

  '@esbuild/darwin-x64@0.25.0':
    optional: true

  '@esbuild/freebsd-arm64@0.25.0':
    optional: true

  '@esbuild/freebsd-x64@0.25.0':
    optional: true

  '@esbuild/linux-arm64@0.25.0':
    optional: true

  '@esbuild/linux-arm@0.25.0':
    optional: true

  '@esbuild/linux-ia32@0.25.0':
    optional: true

  '@esbuild/linux-loong64@0.25.0':
    optional: true

  '@esbuild/linux-mips64el@0.25.0':
    optional: true

  '@esbuild/linux-ppc64@0.25.0':
    optional: true

  '@esbuild/linux-riscv64@0.25.0':
    optional: true

  '@esbuild/linux-s390x@0.25.0':
    optional: true

  '@esbuild/linux-x64@0.25.0':
    optional: true

  '@esbuild/netbsd-arm64@0.25.0':
    optional: true

  '@esbuild/netbsd-x64@0.25.0':
    optional: true

  '@esbuild/openbsd-arm64@0.25.0':
    optional: true

  '@esbuild/openbsd-x64@0.25.0':
    optional: true

  '@esbuild/sunos-x64@0.25.0':
    optional: true

  '@esbuild/win32-arm64@0.25.0':
    optional: true

  '@esbuild/win32-ia32@0.25.0':
    optional: true

  '@esbuild/win32-x64@0.25.0':
    optional: true

  '@jridgewell/sourcemap-codec@1.5.0': {}

  '@rollup/rollup-android-arm-eabi@4.34.9':
    optional: true

  '@rollup/rollup-android-arm64@4.34.9':
    optional: true

  '@rollup/rollup-darwin-arm64@4.34.9':
    optional: true

  '@rollup/rollup-darwin-x64@4.34.9':
    optional: true

  '@rollup/rollup-freebsd-arm64@4.34.9':
    optional: true

  '@rollup/rollup-freebsd-x64@4.34.9':
    optional: true

  '@rollup/rollup-linux-arm-gnueabihf@4.34.9':
    optional: true

  '@rollup/rollup-linux-arm-musleabihf@4.34.9':
    optional: true

  '@rollup/rollup-linux-arm64-gnu@4.34.9':
    optional: true

  '@rollup/rollup-linux-arm64-musl@4.34.9':
    optional: true

  '@rollup/rollup-linux-loongarch64-gnu@4.34.9':
    optional: true

  '@rollup/rollup-linux-powerpc64le-gnu@4.34.9':
    optional: true

  '@rollup/rollup-linux-riscv64-gnu@4.34.9':
    optional: true

  '@rollup/rollup-linux-s390x-gnu@4.34.9':
    optional: true

  '@rollup/rollup-linux-x64-gnu@4.34.9':
    optional: true

  '@rollup/rollup-linux-x64-musl@4.34.9':
    optional: true

  '@rollup/rollup-win32-arm64-msvc@4.34.9':
    optional: true

  '@rollup/rollup-win32-ia32-msvc@4.34.9':
    optional: true

  '@rollup/rollup-win32-x64-msvc@4.34.9':
    optional: true

  '@types/estree@1.0.6': {}

  '@vitejs/plugin-vue@5.2.1(vite@6.2.0)(vue@3.5.13)':
    dependencies:
      vite: 6.2.0
      vue: 3.5.13

  '@vue/compiler-core@3.5.13':
    dependencies:
      '@babel/parser': 7.26.9
      '@vue/shared': 3.5.13
      entities: 4.5.0
      estree-walker: 2.0.2
      source-map-js: 1.2.1

  '@vue/compiler-dom@3.5.13':
    dependencies:
      '@vue/compiler-core': 3.5.13
      '@vue/shared': 3.5.13

  '@vue/compiler-sfc@3.5.13':
    dependencies:
      '@babel/parser': 7.26.9
      '@vue/compiler-core': 3.5.13
      '@vue/compiler-dom': 3.5.13
      '@vue/compiler-ssr': 3.5.13
      '@vue/shared': 3.5.13
      estree-walker: 2.0.2
      magic-string: 0.30.17
      postcss: 8.5.3
      source-map-js: 1.2.1

  '@vue/compiler-ssr@3.5.13':
    dependencies:
      '@vue/compiler-dom': 3.5.13
      '@vue/shared': 3.5.13

  '@vue/reactivity@3.5.13':
    dependencies:
      '@vue/shared': 3.5.13

  '@vue/runtime-core@3.5.13':
    dependencies:
      '@vue/reactivity': 3.5.13
      '@vue/shared': 3.5.13

  '@vue/runtime-dom@3.5.13':
    dependencies:
      '@vue/reactivity': 3.5.13
      '@vue/runtime-core': 3.5.13
      '@vue/shared': 3.5.13
      csstype: 3.1.3

  '@vue/server-renderer@3.5.13(vue@3.5.13)':
    dependencies:
      '@vue/compiler-ssr': 3.5.13
      '@vue/shared': 3.5.13
      vue: 3.5.13

  '@vue/shared@3.5.13': {}

  acorn-walk@8.3.4:
    dependencies:
      acorn: 8.14.1

  acorn@8.14.1: {}

  bundle-name@4.1.0:
    dependencies:
      run-applescript: 7.0.0

  cross-spawn@7.0.6:
    dependencies:
      path-key: 3.1.1
      shebang-command: 2.0.0
      which: 2.0.2

  csstype@3.1.3: {}

  default-browser-id@5.0.0: {}

  default-browser@5.2.1:
    dependencies:
      bundle-name: 4.1.0
      default-browser-id: 5.0.0

  define-lazy-prop@3.0.0: {}

  dom-serializer@2.0.0:
    dependencies:
      domelementtype: 2.3.0
      domhandler: 5.0.3
      entities: 4.5.0

  domelementtype@2.3.0: {}

  domhandler@5.0.3:
    dependencies:
      domelementtype: 2.3.0

  domutils@3.2.2:
    dependencies:
      dom-serializer: 2.0.0
      domelementtype: 2.3.0
      domhandler: 5.0.3

  entities@4.5.0: {}

  esbuild@0.25.0:
    optionalDependencies:
      '@esbuild/aix-ppc64': 0.25.0
      '@esbuild/android-arm': 0.25.0
      '@esbuild/android-arm64': 0.25.0
      '@esbuild/android-x64': 0.25.0
      '@esbuild/darwin-arm64': 0.25.0
      '@esbuild/darwin-x64': 0.25.0
      '@esbuild/freebsd-arm64': 0.25.0
      '@esbuild/freebsd-x64': 0.25.0
      '@esbuild/linux-arm': 0.25.0
      '@esbuild/linux-arm64': 0.25.0
      '@esbuild/linux-ia32': 0.25.0
      '@esbuild/linux-loong64': 0.25.0
      '@esbuild/linux-mips64el': 0.25.0
      '@esbuild/linux-ppc64': 0.25.0
      '@esbuild/linux-riscv64': 0.25.0
      '@esbuild/linux-s390x': 0.25.0
      '@esbuild/linux-x64': 0.25.0
      '@esbuild/netbsd-arm64': 0.25.0
      '@esbuild/netbsd-x64': 0.25.0
      '@esbuild/openbsd-arm64': 0.25.0
      '@esbuild/openbsd-x64': 0.25.0
      '@esbuild/sunos-x64': 0.25.0
      '@esbuild/win32-arm64': 0.25.0
      '@esbuild/win32-ia32': 0.25.0
      '@esbuild/win32-x64': 0.25.0

  estree-walker@2.0.2: {}

  fsevents@2.3.3:
    optional: true

  htmlparser2@9.1.0:
    dependencies:
      domelementtype: 2.3.0
      domhandler: 5.0.3
      domutils: 3.2.2
      entities: 4.5.0

  import-meta-resolve@4.1.0: {}

  is-docker@3.0.0: {}

  is-inside-container@1.0.0:
    dependencies:
      is-docker: 3.0.0

  is-wsl@3.1.0:
    dependencies:
      is-inside-container: 1.0.0

  isexe@2.0.0: {}

  magic-string@0.30.17:
    dependencies:
      '@jridgewell/sourcemap-codec': 1.5.0

  mrmime@2.0.1: {}

  nanoid@3.3.8: {}

  open@10.1.0:
    dependencies:
      default-browser: 5.2.1
      define-lazy-prop: 3.0.0
      is-inside-container: 1.0.0
      is-wsl: 3.1.0

  path-key@3.1.1: {}

  picocolors@1.1.1: {}

  postcss@8.5.3:
    dependencies:
      nanoid: 3.3.8
      picocolors: 1.1.1
      source-map-js: 1.2.1

  rollup@4.34.9:
    dependencies:
      '@types/estree': 1.0.6
    optionalDependencies:
      '@rollup/rollup-android-arm-eabi': 4.34.9
      '@rollup/rollup-android-arm64': 4.34.9
      '@rollup/rollup-darwin-arm64': 4.34.9
      '@rollup/rollup-darwin-x64': 4.34.9
      '@rollup/rollup-freebsd-arm64': 4.34.9
      '@rollup/rollup-freebsd-x64': 4.34.9
      '@rollup/rollup-linux-arm-gnueabihf': 4.34.9
      '@rollup/rollup-linux-arm-musleabihf': 4.34.9
      '@rollup/rollup-linux-arm64-gnu': 4.34.9
      '@rollup/rollup-linux-arm64-musl': 4.34.9
      '@rollup/rollup-linux-loongarch64-gnu': 4.34.9
      '@rollup/rollup-linux-powerpc64le-gnu': 4.34.9
      '@rollup/rollup-linux-riscv64-gnu': 4.34.9
      '@rollup/rollup-linux-s390x-gnu': 4.34.9
      '@rollup/rollup-linux-x64-gnu': 4.34.9
      '@rollup/rollup-linux-x64-musl': 4.34.9
      '@rollup/rollup-win32-arm64-msvc': 4.34.9
      '@rollup/rollup-win32-ia32-msvc': 4.34.9
      '@rollup/rollup-win32-x64-msvc': 4.34.9
      fsevents: 2.3.3

  run-applescript@7.0.0: {}

  shebang-command@2.0.0:
    dependencies:
      shebang-regex: 3.0.0

  shebang-regex@3.0.0: {}

  source-map-js@1.2.1: {}

  systemjs@6.15.1: {}

  vite-plugin-monkey@5.0.8(vite@6.2.0):
    dependencies:
      acorn-walk: 8.3.4
      cross-spawn: 7.0.6
      htmlparser2: 9.1.0
      import-meta-resolve: 4.1.0
      magic-string: 0.30.17
      mrmime: 2.0.1
      open: 10.1.0
      picocolors: 1.1.1
      systemjs: 6.15.1
    optionalDependencies:
      vite: 6.2.0

  vite@6.2.0:
    dependencies:
      esbuild: 0.25.0
      postcss: 8.5.3
      rollup: 4.34.9
    optionalDependencies:
      fsevents: 2.3.3

  vue@3.5.13:
    dependencies:
      '@vue/compiler-dom': 3.5.13
      '@vue/compiler-sfc': 3.5.13
      '@vue/runtime-dom': 3.5.13
      '@vue/server-renderer': 3.5.13(vue@3.5.13)
      '@vue/shared': 3.5.13

  which@2.0.2:
    dependencies:
      isexe: 2.0.0
